// !$*UTF8*$!
{
	archiveVersion = 1;
	classes = {
	};
	objectVersion = 48;
	objects = {

/* Begin PBXBuildFile section */
		23D6505A1F3B2DB70026BFEC /* AppDelegate.swift in Sources */ = {isa = PBXBuildFile; fileRef = 23D650591F3B2DB70026BFEC /* AppDelegate.swift */; };
		23D6505F1F3B2DB70026BFEC /* Main.storyboard in Resources */ = {isa = PBXBuildFile; fileRef = 23D6505D1F3B2DB70026BFEC /* Main.storyboard */; };
		23D650611F3B2DB70026BFEC /* Assets.xcassets in Resources */ = {isa = PBXBuildFile; fileRef = 23D650601F3B2DB70026BFEC /* Assets.xcassets */; };
		23D650641F3B2DB70026BFEC /* LaunchScreen.storyboard in Resources */ = {isa = PBXBuildFile; fileRef = 23D650621F3B2DB70026BFEC /* LaunchScreen.storyboard */; };
		23D6506D1F3B3A420026BFEC /* AuthViewController.swift in Sources */ = {isa = PBXBuildFile; fileRef = 23D6506C1F3B3A420026BFEC /* AuthViewController.swift */; };
		23D6506E1F3B406A0026BFEC /* GoogleService-Info.plist in Resources */ = {isa = PBXBuildFile; fileRef = 23D6506B1F3B2E350026BFEC /* GoogleService-Info.plist */; };
		23D650701F3B455B0026BFEC /* SnapTableViewController.swift in Sources */ = {isa = PBXBuildFile; fileRef = 23D6506F1F3B455B0026BFEC /* SnapTableViewController.swift */; };
		23D650721F3B54270026BFEC /* SnapViewController.swift in Sources */ = {isa = PBXBuildFile; fileRef = 23D650711F3B54270026BFEC /* SnapViewController.swift */; };
		7E3874BEA67AD15AC274458F /* Pods_FreakySnap.framework in Frameworks */ = {isa = PBXBuildFile; fileRef = 05C4380C032489DB27986840 /* Pods_FreakySnap.framework */; };
/* End PBXBuildFile section */

/* Begin PBXFileReference section */
		05C4380C032489DB27986840 /* Pods_FreakySnap.framework */ = {isa = PBXFileReference; explicitFileType = wrapper.framework; includeInIndex = 0; path = Pods_FreakySnap.framework; sourceTree = BUILT_PRODUCTS_DIR; };
		23D650561F3B2DB70026BFEC /* FreakySnap.app */ = {isa = PBXFileReference; explicitFileType = wrapper.application; includeInIndex = 0; path = FreakySnap.app; sourceTree = BUILT_PRODUCTS_DIR; };
		23D650591F3B2DB70026BFEC /* AppDelegate.swift */ = {isa = PBXFileReference; lastKnownFileType = sourcecode.swift; path = AppDelegate.swift; sourceTree = "<group>"; };
		23D6505E1F3B2DB70026BFEC /* Base */ = {isa = PBXFileReference; lastKnownFileType = file.storyboard; name = Base; path = Base.lproj/Main.storyboard; sourceTree = "<group>"; };
		23D650601F3B2DB70026BFEC /* Assets.xcassets */ = {isa = PBXFileReference; lastKnownFileType = folder.assetcatalog; path = Assets.xcassets; sourceTree = "<group>"; };
		23D650631F3B2DB70026BFEC /* Base */ = {isa = PBXFileReference; lastKnownFileType = file.storyboard; name = Base; path = Base.lproj/LaunchScreen.storyboard; sourceTree = "<group>"; };
		23D650651F3B2DB70026BFEC /* Info.plist */ = {isa = PBXFileReference; lastKnownFileType = text.plist.xml; path = Info.plist; sourceTree = "<group>"; };
		23D6506B1F3B2E350026BFEC /* GoogleService-Info.plist */ = {isa = PBXFileReference; lastKnownFileType = text.plist.xml; path = "GoogleService-Info.plist"; sourceTree = "<group>"; };
		23D6506C1F3B3A420026BFEC /* AuthViewController.swift */ = {isa = PBXFileReference; lastKnownFileType = sourcecode.swift; path = AuthViewController.swift; sourceTree = "<group>"; };
		23D6506F1F3B455B0026BFEC /* SnapTableViewController.swift */ = {isa = PBXFileReference; lastKnownFileType = sourcecode.swift; path = SnapTableViewController.swift; sourceTree = "<group>"; };
		23D650711F3B54270026BFEC /* SnapViewController.swift */ = {isa = PBXFileReference; lastKnownFileType = sourcecode.swift; path = SnapViewController.swift; sourceTree = "<group>"; };
		A981CA59844F37185C763588 /* Pods-FreakySnap.debug.xcconfig */ = {isa = PBXFileReference; includeInIndex = 1; lastKnownFileType = text.xcconfig; name = "Pods-FreakySnap.debug.xcconfig"; path = "Pods/Target Support Files/Pods-FreakySnap/Pods-FreakySnap.debug.xcconfig"; sourceTree = "<group>"; };
		FA52AD9B7D50C1353809DF74 /* Pods-FreakySnap.release.xcconfig */ = {isa = PBXFileReference; includeInIndex = 1; lastKnownFileType = text.xcconfig; name = "Pods-FreakySnap.release.xcconfig"; path = "Pods/Target Support Files/Pods-FreakySnap/Pods-FreakySnap.release.xcconfig"; sourceTree = "<group>"; };
/* End PBXFileReference section */

/* Begin PBXFrameworksBuildPhase section */
		23D650531F3B2DB70026BFEC /* Frameworks */ = {
			isa = PBXFrameworksBuildPhase;
			buildActionMask = 2147483647;
			files = (
				7E3874BEA67AD15AC274458F /* Pods_FreakySnap.framework in Frameworks */,
			);
			runOnlyForDeploymentPostprocessing = 0;
		};
/* End PBXFrameworksBuildPhase section */

/* Begin PBXGroup section */
		23D6504D1F3B2DB70026BFEC = {
			isa = PBXGroup;
			children = (
				23D650581F3B2DB70026BFEC /* FreakySnap */,
				23D650571F3B2DB70026BFEC /* Products */,
				B5442A0AB4DD5EEABF09EF14 /* Pods */,
				D4FB0EBBF078A97C05BA9736 /* Frameworks */,
			);
			sourceTree = "<group>";
		};
		23D650571F3B2DB70026BFEC /* Products */ = {
			isa = PBXGroup;
			children = (
				23D650561F3B2DB70026BFEC /* FreakySnap.app */,
			);
			name = Products;
			sourceTree = "<group>";
		};
		23D650581F3B2DB70026BFEC /* FreakySnap */ = {
			isa = PBXGroup;
			children = (
				23D6506B1F3B2E350026BFEC /* GoogleService-Info.plist */,
				23D650591F3B2DB70026BFEC /* AppDelegate.swift */,
				23D6505D1F3B2DB70026BFEC /* Main.storyboard */,
				23D650601F3B2DB70026BFEC /* Assets.xcassets */,
				23D650621F3B2DB70026BFEC /* LaunchScreen.storyboard */,
				23D650651F3B2DB70026BFEC /* Info.plist */,
				23D6506C1F3B3A420026BFEC /* AuthViewController.swift */,
				23D6506F1F3B455B0026BFEC /* SnapTableViewController.swift */,
				23D650711F3B54270026BFEC /* SnapViewController.swift */,
			);
			path = FreakySnap;
			sourceTree = "<group>";
		};
		B5442A0AB4DD5EEABF09EF14 /* Pods */ = {
			isa = PBXGroup;
			children = (
				A981CA59844F37185C763588 /* Pods-FreakySnap.debug.xcconfig */,
				FA52AD9B7D50C1353809DF74 /* Pods-FreakySnap.release.xcconfig */,
			);
			name = Pods;
			sourceTree = "<group>";
		};
		D4FB0EBBF078A97C05BA9736 /* Frameworks */ = {
			isa = PBXGroup;
			children = (
				05C4380C032489DB27986840 /* Pods_FreakySnap.framework */,
			);
			name = Frameworks;
			sourceTree = "<group>";
		};
/* End PBXGroup section */

/* Begin PBXNativeTarget section */
		23D650551F3B2DB70026BFEC /* FreakySnap */ = {
			isa = PBXNativeTarget;
			buildConfigurationList = 23D650681F3B2DB70026BFEC /* Build configuration list for PBXNativeTarget "FreakySnap" */;
			buildPhases = (
				3ED564E6B14B19D3A4910BAC /* [CP] Check Pods Manifest.lock */,
				23D650521F3B2DB70026BFEC /* Sources */,
				23D650531F3B2DB70026BFEC /* Frameworks */,
				23D650541F3B2DB70026BFEC /* Resources */,
				3D5E032A801BA53E858E05D8 /* [CP] Embed Pods Frameworks */,
				23AAD9A4B8BAD68663499776 /* [CP] Copy Pods Resources */,
			);
			buildRules = (
			);
			dependencies = (
			);
			name = FreakySnap;
			productName = FreakySnap;
			productReference = 23D650561F3B2DB70026BFEC /* FreakySnap.app */;
			productType = "com.apple.product-type.application";
		};
/* End PBXNativeTarget section */

/* Begin PBXProject section */
		23D6504E1F3B2DB70026BFEC /* Project object */ = {
			isa = PBXProject;
			attributes = {
				LastSwiftUpdateCheck = 0900;
				LastUpgradeCheck = 0900;
				ORGANIZATIONNAME = "Alexander Kotik";
				TargetAttributes = {
					23D650551F3B2DB70026BFEC = {
						CreatedOnToolsVersion = 9.0;
					};
				};
			};
			buildConfigurationList = 23D650511F3B2DB70026BFEC /* Build configuration list for PBXProject "FreakySnap" */;
			compatibilityVersion = "Xcode 8.0";
			developmentRegion = en;
			hasScannedForEncodings = 0;
			knownRegions = (
				en,
				Base,
			);
			mainGroup = 23D6504D1F3B2DB70026BFEC;
			productRefGroup = 23D650571F3B2DB70026BFEC /* Products */;
			projectDirPath = "";
			projectRoot = "";
			targets = (
				23D650551F3B2DB70026BFEC /* FreakySnap */,
			);
		};
/* End PBXProject section */

/* Begin PBXResourcesBuildPhase section */
		23D650541F3B2DB70026BFEC /* Resources */ = {
			isa = PBXResourcesBuildPhase;
			buildActionMask = 2147483647;
			files = (
				23D650641F3B2DB70026BFEC /* LaunchScreen.storyboard in Resources */,
				23D6506E1F3B406A0026BFEC /* GoogleService-Info.plist in Resources */,
				23D650611F3B2DB70026BFEC /* Assets.xcassets in Resources */,
				23D6505F1F3B2DB70026BFEC /* Main.storyboard in Resources */,
			);
			runOnlyForDeploymentPostprocessing = 0;
		};
/* End PBXResourcesBuildPhase section */

/* Begin PBXShellScriptBuildPhase section */
		23AAD9A4B8BAD68663499776 /* [CP] Copy Pods Resources */ = {
			isa = PBXShellScriptBuildPhase;
			buildActionMask = 2147483647;
			files = (
			);
			inputPaths = (
			);
			name = "[CP] Copy Pods Resources";
			outputPaths = (
			);
			runOnlyForDeploymentPostprocessing = 0;
			shellPath = /bin/sh;
			shellScript = "\"${SRCROOT}/Pods/Target Support Files/Pods-FreakySnap/Pods-FreakySnap-resources.sh\"\n";
			showEnvVarsInLog = 0;
		};
		3D5E032A801BA53E858E05D8 /* [CP] Embed Pods Frameworks */ = {
			isa = PBXShellScriptBuildPhase;
			buildActionMask = 2147483647;
			files = (
			);
			inputPaths = (
			);
			name = "[CP] Embed Pods Frameworks";
			outputPaths = (
			);
			runOnlyForDeploymentPostprocessing = 0;
			shellPath = /bin/sh;
			shellScript = "\"${SRCROOT}/Pods/Target Support Files/Pods-FreakySnap/Pods-FreakySnap-frameworks.sh\"\n";
			showEnvVarsInLog = 0;
		};
		3ED564E6B14B19D3A4910BAC /* [CP] Check Pods Manifest.lock */ = {
			isa = PBXShellScriptBuildPhase;
			buildActionMask = 2147483647;
			files = (
			);
			inputPaths = (
			);
			name = "[CP] Check Pods Manifest.lock";
			outputPaths = (
			);
			runOnlyForDeploymentPostprocessing = 0;
			shellPath = /bin/sh;
			shellScript = "diff \"${PODS_ROOT}/../Podfile.lock\" \"${PODS_ROOT}/Manifest.lock\" > /dev/null\nif [ $? != 0 ] ; then\n    # print error to STDERR\n    echo \"error: The sandbox is not in sync with the Podfile.lock. Run 'pod install' or update your CocoaPods installation.\" >&2\n    exit 1\nfi\n";
			showEnvVarsInLog = 0;
		};
/* End PBXShellScriptBuildPhase section */

/* Begin PBXSourcesBuildPhase section */
		23D650521F3B2DB70026BFEC /* Sources */ = {
			isa = PBXSourcesBuildPhase;
			buildActionMask = 2147483647;
			files = (
				23D650721F3B54270026BFEC /* SnapViewController.swift in Sources */,
				23D6506D1F3B3A420026BFEC /* AuthViewController.swift in Sources */,
				23D650701F3B455B0026BFEC /* SnapTableViewController.swift in Sources */,
				23D6505A1F3B2DB70026BFEC /* AppDelegate.swift in Sources */,
			);
			runOnlyForDeploymentPostprocessing = 0;
		};
/* End PBXSourcesBuildPhase section */

/* Begin PBXVariantGroup section */
		23D6505D1F3B2DB70026BFEC /* Main.storyboard */ = {
			isa = PBXVariantGroup;
			children = (
				23D6505E1F3B2DB70026BFEC /* Base */,
			);
			name = Main.storyboard;
			sourceTree = "<group>";
		};
		23D650621F3B2DB70026BFEC /* LaunchScreen.storyboard */ = {
			isa = PBXVariantGroup;
			children = (
				23D650631F3B2DB70026BFEC /* Base */,
			);
			name = LaunchScreen.storyboard;
			sourceTree = "<group>";
		};
/* End PBXVariantGroup section */

/* Begin XCBuildConfiguration section */
		23D650661F3B2DB70026BFEC /* Debug */ = {
			isa = XCBuildConfiguration;
			buildSettings = {
				ALWAYS_SEARCH_USER_PATHS = NO;
				CLANG_ANALYZER_NONNULL = YES;
				CLANG_ANALYZER_NUMBER_OBJECT_CONVERSION = YES_AGGRESSIVE;
				CLANG_CXX_LANGUAGE_STANDARD = "gnu++14";
				CLANG_CXX_LIBRARY = "libc++";
				CLANG_ENABLE_MODULES = YES;
				CLANG_ENABLE_OBJC_ARC = YES;
				CLANG_WARN_BLOCK_CAPTURE_AUTORELEASING = YES;
				CLANG_WARN_BOOL_CONVERSION = YES;
				CLANG_WARN_COMMA = YES;
				CLANG_WARN_CONSTANT_CONVERSION = YES;
				CLANG_WARN_DIRECT_OBJC_ISA_USAGE = YES_ERROR;
				CLANG_WARN_DOCUMENTATION_COMMENTS = YES;
				CLANG_WARN_EMPTY_BODY = YES;
				CLANG_WARN_ENUM_CONVERSION = YES;
				CLANG_WARN_INFINITE_RECURSION = YES;
				CLANG_WARN_INT_CONVERSION = YES;
				CLANG_WARN_NON_LITERAL_NULL_CONVERSION = YES;
				CLANG_WARN_OBJC_LITERAL_CONVERSION = YES;
				CLANG_WARN_OBJC_ROOT_CLASS = YES_ERROR;
				CLANG_WARN_RANGE_LOOP_ANALYSIS = YES;
				CLANG_WARN_STRICT_PROTOTYPES = YES;
				CLANG_WARN_SUSPICIOUS_MOVE = YES;
				CLANG_WARN_UNGUARDED_AVAILABILITY = YES_AGGRESSIVE;
				CLANG_WARN_UNREACHABLE_CODE = YES;
				CLANG_WARN__DUPLICATE_METHOD_MATCH = YES;
				CODE_SIGN_IDENTITY = "iPhone Developer";
				COPY_PHASE_STRIP = NO;
				DEBUG_INFORMATION_FORMAT = dwarf;
				ENABLE_STRICT_OBJC_MSGSEND = YES;
				ENABLE_TESTABILITY = YES;
				GCC_C_LANGUAGE_STANDARD = gnu11;
				GCC_DYNAMIC_NO_PIC = NO;
				GCC_NO_COMMON_BLOCKS = YES;
				GCC_OPTIMIZATION_LEVEL = 0;
				GCC_PREPROCESSOR_DEFINITIONS = (
					"DEBUG=1",
					"$(inherited)",
				);
				GCC_WARN_64_TO_32_BIT_CONVERSION = YES;
				GCC_WARN_ABOUT_RETURN_TYPE = YES_ERROR;
				GCC_WARN_UNDECLARED_SELECTOR = YES;
				GCC_WARN_UNINITIALIZED_AUTOS = YES_AGGRESSIVE;
				GCC_WARN_UNUSED_FUNCTION = YES;
				GCC_WARN_UNUSED_VARIABLE = YES;
				IPHONEOS_DEPLOYMENT_TARGET = 11.0;
				MTL_ENABLE_DEBUG_INFO = YES;
				ONLY_ACTIVE_ARCH = YES;
				SDKROOT = iphoneos;
				SWIFT_ACTIVE_COMPILATION_CONDITIONS = DEBUG;
				SWIFT_OPTIMIZATION_LEVEL = "-Onone";
			};
			name = Debug;
		};
		23D650671F3B2DB70026BFEC /* Release */ = {
			isa = XCBuildConfiguration;
			buildSettings = {
				ALWAYS_SEARCH_USER_PATHS = NO;
				CLANG_ANALYZER_NONNULL = YES;
				CLANG_ANALYZER_NUMBER_OBJECT_CONVERSION = YES_AGGRESSIVE;
				CLANG_CXX_LANGUAGE_STANDARD = "gnu++14";
				CLANG_CXX_LIBRARY = "libc++";
				CLANG_ENABLE_MODULES = YES;
				CLANG_ENABLE_OBJC_ARC = YES;
				CLANG_WARN_BLOCK_CAPTURE_AUTORELEASING = YES;
				CLANG_WARN_BOOL_CONVERSION = YES;
				CLANG_WARN_COMMA = YES;
				CLANG_WARN_CONSTANT_CONVERSION = YES;
				CLANG_WARN_DIRECT_OBJC_ISA_USAGE = YES_ERROR;
				CLANG_WARN_DOCUMENTATION_COMMENTS = YES;
				CLANG_WARN_EMPTY_BODY = YES;
				CLANG_WARN_ENUM_CONVERSION = YES;
				CLANG_WARN_INFINITE_RECURSION = YES;
				CLANG_WARN_INT_CONVERSION = YES;
				CLANG_WARN_NON_LITERAL_NULL_CONVERSION = YES;
				CLANG_WARN_OBJC_LITERAL_CONVERSION = YES;
				CLANG_WARN_OBJC_ROOT_CLASS = YES_ERROR;
				CLANG_WARN_RANGE_LOOP_ANALYSIS = YES;
				CLANG_WARN_STRICT_PROTOTYPES = YES;
				CLANG_WARN_SUSPICIOUS_MOVE = YES;
				CLANG_WARN_UNGUARDED_AVAILABILITY = YES_AGGRESSIVE;
				CLANG_WARN_UNREACHABLE_CODE = YES;
				CLANG_WARN__DUPLICATE_METHOD_MATCH = YES;
				CODE_SIGN_IDENTITY = "iPhone Developer";
				COPY_PHASE_STRIP = NO;
				DEBUG_INFORMATION_FORMAT = "dwarf-with-dsym";
				ENABLE_NS_ASSERTIONS = NO;
				ENABLE_STRICT_OBJC_MSGSEND = YES;
				GCC_C_LANGUAGE_STANDARD = gnu11;
				GCC_NO_COMMON_BLOCKS = YES;
				GCC_WARN_64_TO_32_BIT_CONVERSION = YES;
				GCC_WARN_ABOUT_RETURN_TYPE = YES_ERROR;
				GCC_WARN_UNDECLARED_SELECTOR = YES;
				GCC_WARN_UNINITIALIZED_AUTOS = YES_AGGRESSIVE;
				GCC_WARN_UNUSED_FUNCTION = YES;
				GCC_WARN_UNUSED_VARIABLE = YES;
				IPHONEOS_DEPLOYMENT_TARGET = 11.0;
				MTL_ENABLE_DEBUG_INFO = NO;
				SDKROOT = iphoneos;
				SWIFT_OPTIMIZATION_LEVEL = "-Owholemodule";
				VALIDATE_PRODUCT = YES;
			};
			name = Release;
		};
		23D650691F3B2DB70026BFEC /* Debug */ = {
			isa = XCBuildConfiguration;
			baseConfigurationReference = A981CA59844F37185C763588 /* Pods-FreakySnap.debug.xcconfig */;
			buildSettings = {
				ASSETCATALOG_COMPILER_APPICON_NAME = AppIcon;
				DEVELOPMENT_TEAM = WZL3JGC999;
				INFOPLIST_FILE = FreakySnap/Info.plist;
				LD_RUNPATH_SEARCH_PATHS = "$(inherited) @executable_path/Frameworks";
				PRODUCT_BUNDLE_IDENTIFIER = de.graw.FreakySnap;
				PRODUCT_NAME = "$(TARGET_NAME)";
				SWIFT_VERSION = 4.0;
				TARGETED_DEVICE_FAMILY = "1,2";
			};
			name = Debug;
		};
		23D6506A1F3B2DB70026BFEC /* Release */ = {
			isa = XCBuildConfiguration;
			baseConfigurationReference = FA52AD9B7D50C1353809DF74 /* Pods-FreakySnap.release.xcconfig */;
			buildSettings = {
				ASSETCATALOG_COMPILER_APPICON_NAME = AppIcon;
				DEVELOPMENT_TEAM = WZL3JGC999;
				INFOPLIST_FILE = FreakySnap/Info.plist;
				LD_RUNPATH_SEARCH_PATHS = "$(inherited) @executable_path/Frameworks";
				PRODUCT_BUNDLE_IDENTIFIER = de.graw.FreakySnap;
				PRODUCT_NAME = "$(TARGET_NAME)";
				SWIFT_VERSION = 4.0;
				TARGETED_DEVICE_FAMILY = "1,2";
			};
			name = Release;
		};
/* End XCBuildConfiguration section */

/* Begin XCConfigurationList section */
		23D650511F3B2DB70026BFEC /* Build configuration list for PBXProject "FreakySnap" */ = {
			isa = XCConfigurationList;
			buildConfigurations = (
				23D650661F3B2DB70026BFEC /* Debug */,
				23D650671F3B2DB70026BFEC /* Release */,
			);
			defaultConfigurationIsVisible = 0;
			defaultConfigurationName = Release;
		};
		23D650681F3B2DB70026BFEC /* Build configuration list for PBXNativeTarget "FreakySnap" */ = {
			isa = XCConfigurationList;
			buildConfigurations = (
				23D650691F3B2DB70026BFEC /* Debug */,
				23D6506A1F3B2DB70026BFEC /* Release */,
			);
			defaultConfigurationIsVisible = 0;
			defaultConfigurationName = Release;
		};
/* End XCConfigurationList section */
	};
	rootObject = 23D6504E1F3B2DB70026BFEC /* Project object */;
}
